PODS:
  - AutoCoding (2.2.1)
  - Kiwi (2.4.0)
  - MagicalRecord (2.3.2):
    - MagicalRecord/Core (= 2.3.2)
  - MagicalRecord/Core (2.3.2)

DEPENDENCIES:
  - AutoCoding
  - Kiwi
  - MagicalRecord

SPEC CHECKSUMS:
  AutoCoding: b47e528426c84346371dd532b8e6458929e4da34
  Kiwi: f49c9d54b28917df5928fe44968a39ed198cb8a8
  MagicalRecord: 53bed74b4323b930992a725be713e53b37d19755

PODFILE CHECKSUM: ace31ff400c83867a1b547bfadc19725126f9b04

COCOAPODS: 1.2.1
